// !$*UTF8*$!
{
	archiveVersion = 1;
	classes = {
	};
	objectVersion = 52;
	objects = {

/* Begin PBXBuildFile section */
		4536253922CA4675002CEF59 /* ListTreeStorage.mirror.swift in Sources */ = {isa = PBXBuildFile; fileRef = 4536253822CA4675002CEF59 /* ListTreeStorage.mirror.swift */; };
		4536253B22CA4719002CEF59 /* KVLTStorage.mirror.swift in Sources */ = {isa = PBXBuildFile; fileRef = 4536253A22CA4719002CEF59 /* KVLTStorage.mirror.swift */; };
		454EA3E022C606FC0043E99D /* ListTreeStorageProtocol.swift in Sources */ = {isa = PBXBuildFile; fileRef = 454EA3DF22C606FC0043E99D /* ListTreeStorageProtocol.swift */; };
		454EA3E222C607210043E99D /* ListTreeStorage.swift in Sources */ = {isa = PBXBuildFile; fileRef = 454EA3E122C607210043E99D /* ListTreeStorage.swift */; };
		454EA40C22C620670043E99D /* ListTreeStorageProtocol.default.swift in Sources */ = {isa = PBXBuildFile; fileRef = 454EA40B22C620670043E99D /* ListTreeStorageProtocol.default.swift */; };
		454EA40E22C620C10043E99D /* ListTreeProtocol.swift in Sources */ = {isa = PBXBuildFile; fileRef = 454EA40D22C620C10043E99D /* ListTreeProtocol.swift */; };
		454EA41022C623580043E99D /* ListTreeProtocol.default.swift in Sources */ = {isa = PBXBuildFile; fileRef = 454EA40F22C623580043E99D /* ListTreeProtocol.default.swift */; };
		454EA41322C643490043E99D /* ListTreeStorage.map.swift in Sources */ = {isa = PBXBuildFile; fileRef = 454EA41222C643490043E99D /* ListTreeStorage.map.swift */; };
		45639CD422C304EB00C0DD71 /* IMPLPersistentOrderedMapTree.swift in Sources */ = {isa = PBXBuildFile; fileRef = 45639CD322C304EB00C0DD71 /* IMPLPersistentOrderedMapTree.swift */; };
		45639CDA22C312F600C0DD71 /* IMPLAlternativeOptional.swift in Sources */ = {isa = PBXBuildFile; fileRef = 45639CD922C312F600C0DD71 /* IMPLAlternativeOptional.swift */; };
		45639D6B22C3999000C0DD71 /* Imports.swift in Sources */ = {isa = PBXBuildFile; fileRef = 45639D6A22C3999000C0DD71 /* Imports.swift */; };
		4580D85C22C73B2C00DEF8BA /* KVLTStorage.Tree.map.swift in Sources */ = {isa = PBXBuildFile; fileRef = 4580D85B22C73B2C00DEF8BA /* KVLTStorage.Tree.map.swift */; };
		4580D85E22C73B3C00DEF8BA /* KVLTProtocol.map.swift in Sources */ = {isa = PBXBuildFile; fileRef = 4580D85D22C73B3C00DEF8BA /* KVLTProtocol.map.swift */; };
		459D75EB22C4B62C00CE5841 /* KVLTStorage.swift in Sources */ = {isa = PBXBuildFile; fileRef = 459D75EA22C4B62C00CE5841 /* KVLTStorage.swift */; };
		459D75EF22C4BC9600CE5841 /* KVLTStorage.conversion.swift in Sources */ = {isa = PBXBuildFile; fileRef = 459D75EE22C4BC9600CE5841 /* KVLTStorage.conversion.swift */; };
		459D75FF22C4CFAD00CE5841 /* KVLTStorage.keys.swift in Sources */ = {isa = PBXBuildFile; fileRef = 459D75FE22C4CFAD00CE5841 /* KVLTStorage.keys.swift */; };
		459D760122C4CFE500CE5841 /* KVLTStorage.index.swift in Sources */ = {isa = PBXBuildFile; fileRef = 459D760022C4CFE500CE5841 /* KVLTStorage.index.swift */; };
		459D760522C4D08A00CE5841 /* KVLTStorage.List.keys.swift in Sources */ = {isa = PBXBuildFile; fileRef = 459D760422C4D08A00CE5841 /* KVLTStorage.List.keys.swift */; };
		459D760722C4D2A900CE5841 /* KVLTStorage.map.swift in Sources */ = {isa = PBXBuildFile; fileRef = 459D760622C4D2A900CE5841 /* KVLTStorage.map.swift */; };
		459D760D22C4D49000CE5841 /* KVLTStorage.lazy.swift in Sources */ = {isa = PBXBuildFile; fileRef = 459D760C22C4D49000CE5841 /* KVLTStorage.lazy.swift */; };
		459D761322C4DA0400CE5841 /* EmptyKVLT.swift in Sources */ = {isa = PBXBuildFile; fileRef = 459D761222C4DA0400CE5841 /* EmptyKVLT.swift */; };
		459D761522C4DB7A00CE5841 /* LazyKVLTStorage.swift in Sources */ = {isa = PBXBuildFile; fileRef = 459D761422C4DB7A00CE5841 /* LazyKVLTStorage.swift */; };
		459D761A22C505DC00CE5841 /* IMPLPersistentOrderedRootlessTreeMapTest.swift in Sources */ = {isa = PBXBuildFile; fileRef = 45639CEC22C32C8600C0DD71 /* IMPLPersistentOrderedRootlessTreeMapTest.swift */; };
		459D761B22C5088600CE5841 /* PersistentOrderedRootlessTreeMapTest.swift in Sources */ = {isa = PBXBuildFile; fileRef = 45639CEE22C32CC900C0DD71 /* PersistentOrderedRootlessTreeMapTest.swift */; };
		459D761C22C5088E00CE5841 /* xTreeTest.swift in Sources */ = {isa = PBXBuildFile; fileRef = 45CE398E22BC6576007205EE /* xTreeTest.swift */; };
		459D761D22C5088E00CE5841 /* SubtreeTest.swift in Sources */ = {isa = PBXBuildFile; fileRef = 4558191922BCCCEF00B07175 /* SubtreeTest.swift */; };
		459D762222C5297800CE5841 /* KVLTStorageTest.swift in Sources */ = {isa = PBXBuildFile; fileRef = 459D762122C5297800CE5841 /* KVLTStorageTest.swift */; };
		459D763322C5BE5600CE5841 /* CollectionTreeProtocol.swift in Sources */ = {isa = PBXBuildFile; fileRef = 459D762522C5AED100CE5841 /* CollectionTreeProtocol.swift */; };
		459D763422C5BE5600CE5841 /* CollectionTreeProtocol.dfs.swift in Sources */ = {isa = PBXBuildFile; fileRef = 459D762722C5B03100CE5841 /* CollectionTreeProtocol.dfs.swift */; };
		459D763522C5BE5600CE5841 /* CollectionTreeStorageProtocol.swift in Sources */ = {isa = PBXBuildFile; fileRef = 459D762D22C5B4A000CE5841 /* CollectionTreeStorageProtocol.swift */; };
		459D763722C5BE5600CE5841 /* KeyValueCollectionTreeProtocol.swift in Sources */ = {isa = PBXBuildFile; fileRef = 459D762B22C5B48500CE5841 /* KeyValueCollectionTreeProtocol.swift */; };
		459D763822C5BE5600CE5841 /* KVLTStorageProtocol.swift in Sources */ = {isa = PBXBuildFile; fileRef = 459D761022C4D61E00CE5841 /* KVLTStorageProtocol.swift */; };
		459D763F22C5CD9C00CE5841 /* PersistentOrderedMapTree.swift in Sources */ = {isa = PBXBuildFile; fileRef = 45639CDB22C3156700C0DD71 /* PersistentOrderedMapTree.swift */; };
		459D764022C5CD9C00CE5841 /* PersistentOrderedMapTree.path.swift in Sources */ = {isa = PBXBuildFile; fileRef = 45639CF022C3324E00C0DD71 /* PersistentOrderedMapTree.path.swift */; };
		459D764122C5CD9C00CE5841 /* PersistentOrderedMapTree.map.swift in Sources */ = {isa = PBXBuildFile; fileRef = 45639D0E22C3559300C0DD71 /* PersistentOrderedMapTree.map.swift */; };
		459D764222C5CD9C00CE5841 /* PersistentOrderedMapTree.keys.swift in Sources */ = {isa = PBXBuildFile; fileRef = 45639D3922C38A1800C0DD71 /* PersistentOrderedMapTree.keys.swift */; };
		459D764322C5CD9C00CE5841 /* PersistentOrderedMapTree.values.swift in Sources */ = {isa = PBXBuildFile; fileRef = 45639D3B22C38D2800C0DD71 /* PersistentOrderedMapTree.values.swift */; };
		459D764422C5CD9C00CE5841 /* PersistentOrderedMapTree.lazy.swift in Sources */ = {isa = PBXBuildFile; fileRef = 45639D9D22C459B900C0DD71 /* PersistentOrderedMapTree.lazy.swift */; };
		459D764522C5CD9C00CE5841 /* PersistentOrderedMapTree.slice.swift in Sources */ = {isa = PBXBuildFile; fileRef = 459D75E322C49EF800CE5841 /* PersistentOrderedMapTree.slice.swift */; };
		459D764622C5CD9C00CE5841 /* PersistentOrderedMapTree.subtree.swift in Sources */ = {isa = PBXBuildFile; fileRef = 459D75DF22C4891E00CE5841 /* PersistentOrderedMapTree.subtree.swift */; };
		459D764722C5CD9C00CE5841 /* LazyOrderedMapTree.swift in Sources */ = {isa = PBXBuildFile; fileRef = 45639DA322C4687B00C0DD71 /* LazyOrderedMapTree.swift */; };
		459D764E22C5CE8200CE5841 /* OrderedMapTreeProtocol.swift in Sources */ = {isa = PBXBuildFile; fileRef = 45639DA122C4684600C0DD71 /* OrderedMapTreeProtocol.swift */; };
		459D765B22C5DC3A00CE5841 /* BTree in Frameworks */ = {isa = PBXBuildFile; productRef = 459D765A22C5DC3A00CE5841 /* BTree */; };
		459D765D22C5DC3A00CE5841 /* TestUtil in Frameworks */ = {isa = PBXBuildFile; productRef = 459D765C22C5DC3A00CE5841 /* TestUtil */; };
		45A12EB022C0C2C7004DFDAF /* Tree.swift in Sources */ = {isa = PBXBuildFile; fileRef = 458522B522BC9B6E00C367E0 /* Tree.swift */; };
		45B5EBDD22C0CC83007E66B4 /* IMPLImplicitIdentity.swift in Sources */ = {isa = PBXBuildFile; fileRef = 45B5EBDC22C0CC83007E66B4 /* IMPLImplicitIdentity.swift */; };
		45CE399122BC6576007205EE /* libTree.a in Frameworks */ = {isa = PBXBuildFile; fileRef = 4591BA8722BC5BA40052039C /* libTree.a */; };
		45E4010422C6668200C5395A /* ListTreeTest.swift in Sources */ = {isa = PBXBuildFile; fileRef = 45E4010322C6668200C5395A /* ListTreeTest.swift */; };
		45E4010622C6668B00C5395A /* ListTreeStorageTest.swift in Sources */ = {isa = PBXBuildFile; fileRef = 45E4010522C6668B00C5395A /* ListTreeStorageTest.swift */; };
		45E4013822C6F0C100C5395A /* CollectionTreeProtocol.paths.swift in Sources */ = {isa = PBXBuildFile; fileRef = 45E4013722C6F0C100C5395A /* CollectionTreeProtocol.paths.swift */; };
		45E4013A22C6F12200C5395A /* CollectionTreeProtocol.paths.dfs.swift in Sources */ = {isa = PBXBuildFile; fileRef = 45E4013922C6F12200C5395A /* CollectionTreeProtocol.paths.dfs.swift */; };
		45E4017322C7038000C5395A /* libTree.a in Frameworks */ = {isa = PBXBuildFile; fileRef = 4591BA8722BC5BA40052039C /* libTree.a */; };
		45E4017922C703AC00C5395A /* MapTreeMock.swift in Sources */ = {isa = PBXBuildFile; fileRef = 45639D3F22C3910400C0DD71 /* MapTreeMock.swift */; };
		45E4017A22C703AC00C5395A /* MapTreeMockTest.swift in Sources */ = {isa = PBXBuildFile; fileRef = 45639D4A22C392CD00C0DD71 /* MapTreeMockTest.swift */; };
		45E4017C22C703DF00C5395A /* TestUtil in Frameworks */ = {isa = PBXBuildFile; productRef = 45E4017B22C703DF00C5395A /* TestUtil */; };
		45E4018022C7041200C5395A /* BTree in Frameworks */ = {isa = PBXBuildFile; productRef = 45E4017F22C7041200C5395A /* BTree */; };
/* End PBXBuildFile section */

/* Begin PBXContainerItemProxy section */
		45CE399222BC6576007205EE /* PBXContainerItemProxy */ = {
			isa = PBXContainerItemProxy;
			containerPortal = 4591BA7F22BC5BA40052039C /* Project object */;
			proxyType = 1;
			remoteGlobalIDString = 4591BA8622BC5BA40052039C;
			remoteInfo = Tree;
		};
		45E4017422C7038000C5395A /* PBXContainerItemProxy */ = {
			isa = PBXContainerItemProxy;
			containerPortal = 4591BA7F22BC5BA40052039C /* Project object */;
			proxyType = 1;
			remoteGlobalIDString = 4591BA8622BC5BA40052039C;
			remoteInfo = Tree;
		};
/* End PBXContainerItemProxy section */

/* Begin PBXCopyFilesBuildPhase section */
		45A12E7C22C08B1B004DFDAF /* Embed Frameworks */ = {
			isa = PBXCopyFilesBuildPhase;
			buildActionMask = 2147483647;
			dstPath = "";
			dstSubfolderSpec = 10;
			files = (
			);
			name = "Embed Frameworks";
			runOnlyForDeploymentPostprocessing = 0;
		};
/* End PBXCopyFilesBuildPhase section */

/* Begin PBXFileReference section */
		4506A2BC22C0EB5600B6476E /* IMPLPersistentOrderedTreeMapTest.swift */ = {isa = PBXFileReference; lastKnownFileType = sourcecode.swift; path = IMPLPersistentOrderedTreeMapTest.swift; sourceTree = "<group>"; };
		4506A2BE22C0ED9600B6476E /* PersistentOrderedTreeMapTest.swift */ = {isa = PBXFileReference; lastKnownFileType = sourcecode.swift; path = PersistentOrderedTreeMapTest.swift; sourceTree = "<group>"; };
		451D8D2022BC785B00A4B819 /* TreeProtocol.swift */ = {isa = PBXFileReference; lastKnownFileType = sourcecode.swift; path = TreeProtocol.swift; sourceTree = "<group>"; };
		4536253822CA4675002CEF59 /* ListTreeStorage.mirror.swift */ = {isa = PBXFileReference; lastKnownFileType = sourcecode.swift; path = ListTreeStorage.mirror.swift; sourceTree = "<group>"; };
		4536253A22CA4719002CEF59 /* KVLTStorage.mirror.swift */ = {isa = PBXFileReference; lastKnownFileType = sourcecode.swift; path = KVLTStorage.mirror.swift; sourceTree = "<group>"; };
		454EA3DF22C606FC0043E99D /* ListTreeStorageProtocol.swift */ = {isa = PBXFileReference; lastKnownFileType = sourcecode.swift; path = ListTreeStorageProtocol.swift; sourceTree = "<group>"; };
		454EA3E122C607210043E99D /* ListTreeStorage.swift */ = {isa = PBXFileReference; lastKnownFileType = sourcecode.swift; path = ListTreeStorage.swift; sourceTree = "<group>"; };
		454EA40B22C620670043E99D /* ListTreeStorageProtocol.default.swift */ = {isa = PBXFileReference; lastKnownFileType = sourcecode.swift; path = ListTreeStorageProtocol.default.swift; sourceTree = "<group>"; };
		454EA40D22C620C10043E99D /* ListTreeProtocol.swift */ = {isa = PBXFileReference; lastKnownFileType = sourcecode.swift; path = ListTreeProtocol.swift; sourceTree = "<group>"; };
		454EA40F22C623580043E99D /* ListTreeProtocol.default.swift */ = {isa = PBXFileReference; lastKnownFileType = sourcecode.swift; path = ListTreeProtocol.default.swift; sourceTree = "<group>"; };
		454EA41222C643490043E99D /* ListTreeStorage.map.swift */ = {isa = PBXFileReference; lastKnownFileType = sourcecode.swift; path = ListTreeStorage.map.swift; sourceTree = "<group>"; };
		4558191722BCB57E00B07175 /* ImplCursor1.swift */ = {isa = PBXFileReference; lastKnownFileType = sourcecode.swift; path = ImplCursor1.swift; sourceTree = "<group>"; };
		4558191922BCCCEF00B07175 /* SubtreeTest.swift */ = {isa = PBXFileReference; lastKnownFileType = sourcecode.swift; path = SubtreeTest.swift; sourceTree = "<group>"; };
		4558191B22BCEA4100B07175 /* Package.swift */ = {isa = PBXFileReference; lastKnownFileType = sourcecode.swift; path = Package.swift; sourceTree = "<group>"; };
		4558191D22BCEAD300B07175 /* LICENSE.md */ = {isa = PBXFileReference; lastKnownFileType = net.daringfireball.markdown; path = LICENSE.md; sourceTree = "<group>"; };
		4558195722BCF8E600B07175 /* ImplMapBasedTree.swift */ = {isa = PBXFileReference; lastKnownFileType = sourcecode.swift; path = ImplMapBasedTree.swift; sourceTree = "<group>"; };
		45639CD322C304EB00C0DD71 /* IMPLPersistentOrderedMapTree.swift */ = {isa = PBXFileReference; lastKnownFileType = sourcecode.swift; path = IMPLPersistentOrderedMapTree.swift; sourceTree = "<group>"; };
		45639CD922C312F600C0DD71 /* IMPLAlternativeOptional.swift */ = {isa = PBXFileReference; lastKnownFileType = sourcecode.swift; path = IMPLAlternativeOptional.swift; sourceTree = "<group>"; };
		45639CDB22C3156700C0DD71 /* PersistentOrderedMapTree.swift */ = {isa = PBXFileReference; lastKnownFileType = sourcecode.swift; path = PersistentOrderedMapTree.swift; sourceTree = "<group>"; };
		45639CEC22C32C8600C0DD71 /* IMPLPersistentOrderedRootlessTreeMapTest.swift */ = {isa = PBXFileReference; lastKnownFileType = sourcecode.swift; path = IMPLPersistentOrderedRootlessTreeMapTest.swift; sourceTree = "<group>"; };
		45639CEE22C32CC900C0DD71 /* PersistentOrderedRootlessTreeMapTest.swift */ = {isa = PBXFileReference; lastKnownFileType = sourcecode.swift; path = PersistentOrderedRootlessTreeMapTest.swift; sourceTree = "<group>"; };
		45639CF022C3324E00C0DD71 /* PersistentOrderedMapTree.path.swift */ = {isa = PBXFileReference; lastKnownFileType = sourcecode.swift; path = PersistentOrderedMapTree.path.swift; sourceTree = "<group>"; };
		45639D0E22C3559300C0DD71 /* PersistentOrderedMapTree.map.swift */ = {isa = PBXFileReference; lastKnownFileType = sourcecode.swift; path = PersistentOrderedMapTree.map.swift; sourceTree = "<group>"; };
		45639D3922C38A1800C0DD71 /* PersistentOrderedMapTree.keys.swift */ = {isa = PBXFileReference; lastKnownFileType = sourcecode.swift; path = PersistentOrderedMapTree.keys.swift; sourceTree = "<group>"; };
		45639D3B22C38D2800C0DD71 /* PersistentOrderedMapTree.values.swift */ = {isa = PBXFileReference; lastKnownFileType = sourcecode.swift; path = PersistentOrderedMapTree.values.swift; sourceTree = "<group>"; };
		45639D3F22C3910400C0DD71 /* MapTreeMock.swift */ = {isa = PBXFileReference; lastKnownFileType = sourcecode.swift; path = MapTreeMock.swift; sourceTree = "<group>"; };
		45639D4A22C392CD00C0DD71 /* MapTreeMockTest.swift */ = {isa = PBXFileReference; lastKnownFileType = sourcecode.swift; path = MapTreeMockTest.swift; sourceTree = "<group>"; };
		45639D6A22C3999000C0DD71 /* Imports.swift */ = {isa = PBXFileReference; lastKnownFileType = sourcecode.swift; path = Imports.swift; sourceTree = "<group>"; };
		45639D9D22C459B900C0DD71 /* PersistentOrderedMapTree.lazy.swift */ = {isa = PBXFileReference; lastKnownFileType = sourcecode.swift; path = PersistentOrderedMapTree.lazy.swift; sourceTree = "<group>"; };
		45639D9F22C459C700C0DD71 /* ConceptualProtocols.swift */ = {isa = PBXFileReference; lastKnownFileType = sourcecode.swift; path = ConceptualProtocols.swift; sourceTree = "<group>"; };
		45639DA122C4684600C0DD71 /* OrderedMapTreeProtocol.swift */ = {isa = PBXFileReference; lastKnownFileType = sourcecode.swift; path = OrderedMapTreeProtocol.swift; sourceTree = "<group>"; };
		45639DA322C4687B00C0DD71 /* LazyOrderedMapTree.swift */ = {isa = PBXFileReference; lastKnownFileType = sourcecode.swift; path = LazyOrderedMapTree.swift; sourceTree = "<group>"; };
		4580D85B22C73B2C00DEF8BA /* KVLTStorage.Tree.map.swift */ = {isa = PBXFileReference; lastKnownFileType = sourcecode.swift; path = KVLTStorage.Tree.map.swift; sourceTree = "<group>"; };
		4580D85D22C73B3C00DEF8BA /* KVLTProtocol.map.swift */ = {isa = PBXFileReference; lastKnownFileType = sourcecode.swift; path = KVLTProtocol.map.swift; sourceTree = "<group>"; };
		458522A622BC7F4400C367E0 /* TreePath.swift */ = {isa = PBXFileReference; lastKnownFileType = sourcecode.swift; path = TreePath.swift; sourceTree = "<group>"; };
		458522A822BC813900C367E0 /* TreePathProtocol.swift */ = {isa = PBXFileReference; lastKnownFileType = sourcecode.swift; path = TreePathProtocol.swift; sourceTree = "<group>"; };
		458522AC22BC831C00C367E0 /* Tree.swift */ = {isa = PBXFileReference; lastKnownFileType = sourcecode.swift; path = Tree.swift; sourceTree = "<group>"; };
		458522AE22BC867A00C367E0 /* MapTree.swift */ = {isa = PBXFileReference; lastKnownFileType = sourcecode.swift; path = MapTree.swift; sourceTree = "<group>"; };
		458522B322BC9A6600C367E0 /* PersistentTree.swift */ = {isa = PBXFileReference; lastKnownFileType = sourcecode.swift; path = PersistentTree.swift; sourceTree = "<group>"; };
		458522B522BC9B6E00C367E0 /* Tree.swift */ = {isa = PBXFileReference; lastKnownFileType = sourcecode.swift; path = Tree.swift; sourceTree = "<group>"; };
		458522B722BCA1E600C367E0 /* README.md */ = {isa = PBXFileReference; lastKnownFileType = net.daringfireball.markdown; path = README.md; sourceTree = "<group>"; };
		458522B822BCA40D00C367E0 /* ImplPersistentMapBasedTree.swift */ = {isa = PBXFileReference; lastKnownFileType = sourcecode.swift; path = ImplPersistentMapBasedTree.swift; sourceTree = "<group>"; };
		458522BA22BCA80E00C367E0 /* ImplIdentity.swift */ = {isa = PBXFileReference; lastKnownFileType = sourcecode.swift; path = ImplIdentity.swift; sourceTree = "<group>"; };
		4586D34022C1A0F200779050 /* IMPLPersitentUnorderedTreeMap.swift */ = {isa = PBXFileReference; fileEncoding = 4; lastKnownFileType = sourcecode.swift; path = IMPLPersitentUnorderedTreeMap.swift; sourceTree = "<group>"; };
		4586D34222C1A2B600779050 /* PersistentUnorderedMapTree.swift */ = {isa = PBXFileReference; lastKnownFileType = sourcecode.swift; path = PersistentUnorderedMapTree.swift; sourceTree = "<group>"; };
		4586D34422C1A8C200779050 /* PersistentUnorderedMapTree.Subtree.swift */ = {isa = PBXFileReference; lastKnownFileType = sourcecode.swift; path = PersistentUnorderedMapTree.Subtree.swift; sourceTree = "<group>"; };
		4586D34622C1A8F500779050 /* PersistentOrderedMapTree.Subtree.swift */ = {isa = PBXFileReference; lastKnownFileType = sourcecode.swift; path = PersistentOrderedMapTree.Subtree.swift; sourceTree = "<group>"; };
		4586D34E22C1A9EA00779050 /* IMPLPersistentOrderedMapTree.swift */ = {isa = PBXFileReference; lastKnownFileType = sourcecode.swift; path = IMPLPersistentOrderedMapTree.swift; sourceTree = "<group>"; };
		4591BA8722BC5BA40052039C /* libTree.a */ = {isa = PBXFileReference; explicitFileType = archive.ar; includeInIndex = 0; path = libTree.a; sourceTree = BUILT_PRODUCTS_DIR; };
		4591BA9622BC5BC50052039C /* TreeIndex.swift */ = {isa = PBXFileReference; fileEncoding = 4; lastKnownFileType = sourcecode.swift; path = TreeIndex.swift; sourceTree = "<group>"; };
		4591BA9722BC5BC50052039C /* MutableTreeProtocol.extension.swift */ = {isa = PBXFileReference; fileEncoding = 4; lastKnownFileType = sourcecode.swift; path = MutableTreeProtocol.extension.swift; sourceTree = "<group>"; };
		4591BA9822BC5BC50052039C /* IndexPath.extension.swift */ = {isa = PBXFileReference; fileEncoding = 4; lastKnownFileType = sourcecode.swift; path = IndexPath.extension.swift; sourceTree = "<group>"; };
		4591BA9F22BC5C040052039C /* TreeForwardIterator.swift */ = {isa = PBXFileReference; lastKnownFileType = sourcecode.swift; path = TreeForwardIterator.swift; sourceTree = "<group>"; };
		459D75DD22C483BB00CE5841 /* OrderedMapTree2.swift */ = {isa = PBXFileReference; lastKnownFileType = sourcecode.swift; path = OrderedMapTree2.swift; sourceTree = "<group>"; };
		459D75DF22C4891E00CE5841 /* PersistentOrderedMapTree.subtree.swift */ = {isa = PBXFileReference; lastKnownFileType = sourcecode.swift; path = PersistentOrderedMapTree.subtree.swift; sourceTree = "<group>"; };
		459D75E322C49EF800CE5841 /* PersistentOrderedMapTree.slice.swift */ = {isa = PBXFileReference; lastKnownFileType = sourcecode.swift; path = PersistentOrderedMapTree.slice.swift; sourceTree = "<group>"; };
		459D75E822C4AD1200CE5841 /* MapTreeStorage.swift */ = {isa = PBXFileReference; lastKnownFileType = sourcecode.swift; path = MapTreeStorage.swift; sourceTree = "<group>"; };
		459D75EA22C4B62C00CE5841 /* KVLTStorage.swift */ = {isa = PBXFileReference; lastKnownFileType = sourcecode.swift; path = KVLTStorage.swift; sourceTree = "<group>"; };
		459D75EC22C4BBFC00CE5841 /* SetTreeStorage.swift */ = {isa = PBXFileReference; lastKnownFileType = sourcecode.swift; path = SetTreeStorage.swift; sourceTree = "<group>"; };
		459D75EE22C4BC9600CE5841 /* KVLTStorage.conversion.swift */ = {isa = PBXFileReference; lastKnownFileType = sourcecode.swift; path = KVLTStorage.conversion.swift; sourceTree = "<group>"; };
		459D75F022C4BD5200CE5841 /* ListTreeStorage.swift */ = {isa = PBXFileReference; lastKnownFileType = sourcecode.swift; path = ListTreeStorage.swift; sourceTree = "<group>"; };
		459D75FE22C4CFAD00CE5841 /* KVLTStorage.keys.swift */ = {isa = PBXFileReference; lastKnownFileType = sourcecode.swift; path = KVLTStorage.keys.swift; sourceTree = "<group>"; };
		459D760022C4CFE500CE5841 /* KVLTStorage.index.swift */ = {isa = PBXFileReference; lastKnownFileType = sourcecode.swift; path = KVLTStorage.index.swift; sourceTree = "<group>"; };
		459D760422C4D08A00CE5841 /* KVLTStorage.List.keys.swift */ = {isa = PBXFileReference; lastKnownFileType = sourcecode.swift; path = KVLTStorage.List.keys.swift; sourceTree = "<group>"; };
		459D760622C4D2A900CE5841 /* KVLTStorage.map.swift */ = {isa = PBXFileReference; lastKnownFileType = sourcecode.swift; path = KVLTStorage.map.swift; sourceTree = "<group>"; };
		459D760C22C4D49000CE5841 /* KVLTStorage.lazy.swift */ = {isa = PBXFileReference; lastKnownFileType = sourcecode.swift; path = KVLTStorage.lazy.swift; sourceTree = "<group>"; };
		459D761022C4D61E00CE5841 /* KVLTStorageProtocol.swift */ = {isa = PBXFileReference; lastKnownFileType = sourcecode.swift; path = KVLTStorageProtocol.swift; sourceTree = "<group>"; };
		459D761222C4DA0400CE5841 /* EmptyKVLT.swift */ = {isa = PBXFileReference; lastKnownFileType = sourcecode.swift; path = EmptyKVLT.swift; sourceTree = "<group>"; };
		459D761422C4DB7A00CE5841 /* LazyKVLTStorage.swift */ = {isa = PBXFileReference; lastKnownFileType = sourcecode.swift; path = LazyKVLTStorage.swift; sourceTree = "<group>"; };
		459D762122C5297800CE5841 /* KVLTStorageTest.swift */ = {isa = PBXFileReference; lastKnownFileType = sourcecode.swift; path = KVLTStorageTest.swift; sourceTree = "<group>"; };
		459D762522C5AED100CE5841 /* CollectionTreeProtocol.swift */ = {isa = PBXFileReference; lastKnownFileType = sourcecode.swift; path = CollectionTreeProtocol.swift; sourceTree = "<group>"; };
		459D762722C5B03100CE5841 /* CollectionTreeProtocol.dfs.swift */ = {isa = PBXFileReference; lastKnownFileType = sourcecode.swift; path = CollectionTreeProtocol.dfs.swift; sourceTree = "<group>"; };
		459D762B22C5B48500CE5841 /* KeyValueCollectionTreeProtocol.swift */ = {isa = PBXFileReference; lastKnownFileType = sourcecode.swift; path = KeyValueCollectionTreeProtocol.swift; sourceTree = "<group>"; };
		459D762D22C5B4A000CE5841 /* CollectionTreeStorageProtocol.swift */ = {isa = PBXFileReference; lastKnownFileType = sourcecode.swift; path = CollectionTreeStorageProtocol.swift; sourceTree = "<group>"; };
		45A12D7F22BF3CB7004DFDAF /* DFS.swift */ = {isa = PBXFileReference; lastKnownFileType = sourcecode.swift; path = DFS.swift; sourceTree = "<group>"; };
		45A12D8122BF3D44004DFDAF /* Subtree.swift */ = {isa = PBXFileReference; lastKnownFileType = sourcecode.swift; path = Subtree.swift; sourceTree = "<group>"; };
		45A12D8322BF3DC2004DFDAF /* SubtreeProtocol.swift */ = {isa = PBXFileReference; lastKnownFileType = sourcecode.swift; path = SubtreeProtocol.swift; sourceTree = "<group>"; };
		45A12D8522BF5A0D004DFDAF /* ImplDFSSortedMapBasedTree.swift */ = {isa = PBXFileReference; lastKnownFileType = sourcecode.swift; path = ImplDFSSortedMapBasedTree.swift; sourceTree = "<group>"; };
		45A12D8722BF620B004DFDAF /* ImplCursor2.swift */ = {isa = PBXFileReference; lastKnownFileType = sourcecode.swift; path = ImplCursor2.swift; sourceTree = "<group>"; };
		45A12D8922BF6BF0004DFDAF /* ImplEphemeralMapBasedTree.swift */ = {isa = PBXFileReference; lastKnownFileType = sourcecode.swift; path = ImplEphemeralMapBasedTree.swift; sourceTree = "<group>"; };
		45A12DD122BFA646004DFDAF /* xTreeMap.swift */ = {isa = PBXFileReference; lastKnownFileType = sourcecode.swift; path = xTreeMap.swift; sourceTree = "<group>"; };
		45A12DDE22BFB88F004DFDAF /* PersistentOrderedMapTree.swift */ = {isa = PBXFileReference; lastKnownFileType = sourcecode.swift; path = PersistentOrderedMapTree.swift; sourceTree = "<group>"; };
		45A12E8B22C0AEA1004DFDAF /* IMPLPersistentOrderedMapTreeDFS.swift */ = {isa = PBXFileReference; lastKnownFileType = sourcecode.swift; path = IMPLPersistentOrderedMapTreeDFS.swift; sourceTree = "<group>"; };
		45A12E8F22C0B302004DFDAF /* IMPLPersistentOrderedMapTreeBFS.swift */ = {isa = PBXFileReference; fileEncoding = 4; lastKnownFileType = sourcecode.swift; path = IMPLPersistentOrderedMapTreeBFS.swift; sourceTree = "<group>"; };
		45A12EAA22C0BA4B004DFDAF /* PersistentOrderedMapTree.extension.swift */ = {isa = PBXFileReference; lastKnownFileType = sourcecode.swift; path = PersistentOrderedMapTree.extension.swift; sourceTree = "<group>"; };
		45B5EBD122C0CC6C007E66B4 /* PersistentOrderedTree.swift */ = {isa = PBXFileReference; lastKnownFileType = sourcecode.swift; path = PersistentOrderedTree.swift; sourceTree = "<group>"; };
		45B5EBDC22C0CC83007E66B4 /* IMPLImplicitIdentity.swift */ = {isa = PBXFileReference; lastKnownFileType = sourcecode.swift; path = IMPLImplicitIdentity.swift; sourceTree = "<group>"; };
		45B5EBE622C0D835007E66B4 /* OrderedTreeSubtreeTest.swift */ = {isa = PBXFileReference; lastKnownFileType = sourcecode.swift; path = OrderedTreeSubtreeTest.swift; sourceTree = "<group>"; };
		45CE398622BC6182007205EE /* Tree.Index==TreeIndex.swift */ = {isa = PBXFileReference; lastKnownFileType = sourcecode.swift; path = "Tree.Index==TreeIndex.swift"; sourceTree = "<group>"; };
		45CE398C22BC6576007205EE /* TreeTest.xctest */ = {isa = PBXFileReference; explicitFileType = wrapper.cfbundle; includeInIndex = 0; path = TreeTest.xctest; sourceTree = BUILT_PRODUCTS_DIR; };
		45CE398E22BC6576007205EE /* xTreeTest.swift */ = {isa = PBXFileReference; lastKnownFileType = sourcecode.swift; path = xTreeTest.swift; sourceTree = "<group>"; };
		45CE399022BC6576007205EE /* Info.plist */ = {isa = PBXFileReference; lastKnownFileType = text.plist.xml; path = Info.plist; sourceTree = "<group>"; };
		45E4010322C6668200C5395A /* ListTreeTest.swift */ = {isa = PBXFileReference; lastKnownFileType = sourcecode.swift; path = ListTreeTest.swift; sourceTree = "<group>"; };
		45E4010522C6668B00C5395A /* ListTreeStorageTest.swift */ = {isa = PBXFileReference; lastKnownFileType = sourcecode.swift; path = ListTreeStorageTest.swift; sourceTree = "<group>"; };
		45E4013722C6F0C100C5395A /* CollectionTreeProtocol.paths.swift */ = {isa = PBXFileReference; lastKnownFileType = sourcecode.swift; path = CollectionTreeProtocol.paths.swift; sourceTree = "<group>"; };
		45E4013922C6F12200C5395A /* CollectionTreeProtocol.paths.dfs.swift */ = {isa = PBXFileReference; lastKnownFileType = sourcecode.swift; path = CollectionTreeProtocol.paths.dfs.swift; sourceTree = "<group>"; };
		45E4016E22C7038000C5395A /* TreeMonteCarloTest.xctest */ = {isa = PBXFileReference; explicitFileType = wrapper.cfbundle; includeInIndex = 0; path = TreeMonteCarloTest.xctest; sourceTree = BUILT_PRODUCTS_DIR; };
		45E4017222C7038000C5395A /* Info.plist */ = {isa = PBXFileReference; lastKnownFileType = text.plist.xml; path = Info.plist; sourceTree = "<group>"; };
/* End PBXFileReference section */

/* Begin PBXFrameworksBuildPhase section */
		4591BA8522BC5BA40052039C /* Frameworks */ = {
			isa = PBXFrameworksBuildPhase;
			buildActionMask = 2147483647;
			files = (
			);
			runOnlyForDeploymentPostprocessing = 0;
		};
		45CE398922BC6576007205EE /* Frameworks */ = {
			isa = PBXFrameworksBuildPhase;
			buildActionMask = 2147483647;
			files = (
				45CE399122BC6576007205EE /* libTree.a in Frameworks */,
				459D765D22C5DC3A00CE5841 /* TestUtil in Frameworks */,
				459D765B22C5DC3A00CE5841 /* BTree in Frameworks */,
			);
			runOnlyForDeploymentPostprocessing = 0;
		};
		45E4016B22C7038000C5395A /* Frameworks */ = {
			isa = PBXFrameworksBuildPhase;
			buildActionMask = 2147483647;
			files = (
				45E4018022C7041200C5395A /* BTree in Frameworks */,
				45E4017C22C703DF00C5395A /* TestUtil in Frameworks */,
				45E4017322C7038000C5395A /* libTree.a in Frameworks */,
			);
			runOnlyForDeploymentPostprocessing = 0;
		};
/* End PBXFrameworksBuildPhase section */

/* Begin PBXGroup section */
		45639D9C22C458DD00C0DD71 /* Deprecated3 */ = {
			isa = PBXGroup;
			children = (
				4586D34E22C1A9EA00779050 /* IMPLPersistentOrderedMapTree.swift */,
				45A12E8F22C0B302004DFDAF /* IMPLPersistentOrderedMapTreeBFS.swift */,
				45A12E8B22C0AEA1004DFDAF /* IMPLPersistentOrderedMapTreeDFS.swift */,
				4586D34022C1A0F200779050 /* IMPLPersitentUnorderedTreeMap.swift */,
				4586D34222C1A2B600779050 /* PersistentUnorderedMapTree.swift */,
				4586D34422C1A8C200779050 /* PersistentUnorderedMapTree.Subtree.swift */,
				45B5EBD122C0CC6C007E66B4 /* PersistentOrderedTree.swift */,
				45A12DDE22BFB88F004DFDAF /* PersistentOrderedMapTree.swift */,
				45A12EAA22C0BA4B004DFDAF /* PersistentOrderedMapTree.extension.swift */,
				4586D34622C1A8F500779050 /* PersistentOrderedMapTree.Subtree.swift */,
			);
			path = Deprecated3;
			sourceTree = "<group>";
		};
		458522B222BC9A5100C367E0 /* Deprecated */ = {
			isa = PBXGroup;
			children = (
				451D8D2022BC785B00A4B819 /* TreeProtocol.swift */,
				45CE398622BC6182007205EE /* Tree.Index==TreeIndex.swift */,
				4591BA9722BC5BC50052039C /* MutableTreeProtocol.extension.swift */,
				458522A822BC813900C367E0 /* TreePathProtocol.swift */,
				458522AC22BC831C00C367E0 /* Tree.swift */,
				458522AE22BC867A00C367E0 /* MapTree.swift */,
				4591BA9622BC5BC50052039C /* TreeIndex.swift */,
				458522A622BC7F4400C367E0 /* TreePath.swift */,
				4591BA9F22BC5C040052039C /* TreeForwardIterator.swift */,
				4591BA9822BC5BC50052039C /* IndexPath.extension.swift */,
			);
			path = Deprecated;
			sourceTree = "<group>";
		};
		4586D34822C1A99300779050 /* Ephemeral */ = {
			isa = PBXGroup;
			children = (
			);
			path = Ephemeral;
			sourceTree = "<group>";
		};
		4586D34922C1A99900779050 /* Persistent */ = {
			isa = PBXGroup;
			children = (
				45639CD322C304EB00C0DD71 /* IMPLPersistentOrderedMapTree.swift */,
			);
			path = Persistent;
			sourceTree = "<group>";
		};
		4586D35422C1ABBE00779050 /* Implementations */ = {
			isa = PBXGroup;
			children = (
				45B5EBDC22C0CC83007E66B4 /* IMPLImplicitIdentity.swift */,
				45639CD922C312F600C0DD71 /* IMPLAlternativeOptional.swift */,
				4586D34822C1A99300779050 /* Ephemeral */,
				4586D34922C1A99900779050 /* Persistent */,
			);
			path = Implementations;
			sourceTree = "<group>";
		};
		4591BA7E22BC5BA40052039C = {
			isa = PBXGroup;
			children = (
				458522B722BCA1E600C367E0 /* README.md */,
				4558191D22BCEAD300B07175 /* LICENSE.md */,
				4558191B22BCEA4100B07175 /* Package.swift */,
				4591BA8922BC5BA40052039C /* Tree */,
				45CE398D22BC6576007205EE /* TreeTest */,
				45E4016F22C7038000C5395A /* TreeMonteCarloTest */,
				459D761822C505B000CE5841 /* DeprecatedTest */,
				459D763A22C5C98900CE5841 /* Deprecated4 */,
				45639D9C22C458DD00C0DD71 /* Deprecated3 */,
				458522B222BC9A5100C367E0 /* Deprecated */,
				45A12EA022C0B9CF004DFDAF /* Deprecated2 */,
				4591BA8822BC5BA40052039C /* Products */,
				45A12D0522BE74D2004DFDAF /* Frameworks */,
			);
			sourceTree = "<group>";
		};
		4591BA8822BC5BA40052039C /* Products */ = {
			isa = PBXGroup;
			children = (
				4591BA8722BC5BA40052039C /* libTree.a */,
				45CE398C22BC6576007205EE /* TreeTest.xctest */,
				45E4016E22C7038000C5395A /* TreeMonteCarloTest.xctest */,
			);
			name = Products;
			sourceTree = "<group>";
		};
		4591BA8922BC5BA40052039C /* Tree */ = {
			isa = PBXGroup;
			children = (
				459D763B22C5CA0400CE5841 /* V1 */,
				459D763C22C5CA0E00CE5841 /* V2 */,
				4586D35422C1ABBE00779050 /* Implementations */,
			);
			path = Tree;
			sourceTree = "<group>";
		};
		459D761822C505B000CE5841 /* DeprecatedTest */ = {
			isa = PBXGroup;
			children = (
				45B5EBE622C0D835007E66B4 /* OrderedTreeSubtreeTest.swift */,
				4506A2BE22C0ED9600B6476E /* PersistentOrderedTreeMapTest.swift */,
				4506A2BC22C0EB5600B6476E /* IMPLPersistentOrderedTreeMapTest.swift */,
			);
			path = DeprecatedTest;
			sourceTree = "<group>";
		};
		459D763A22C5C98900CE5841 /* Deprecated4 */ = {
			isa = PBXGroup;
			children = (
				459D75F022C4BD5200CE5841 /* ListTreeStorage.swift */,
				459D75EC22C4BBFC00CE5841 /* SetTreeStorage.swift */,
				459D75E822C4AD1200CE5841 /* MapTreeStorage.swift */,
				459D75DD22C483BB00CE5841 /* OrderedMapTree2.swift */,
				45639D9F22C459C700C0DD71 /* ConceptualProtocols.swift */,
			);
			path = Deprecated4;
			sourceTree = "<group>";
		};
		459D763B22C5CA0400CE5841 /* V1 */ = {
			isa = PBXGroup;
			children = (
				45639DA122C4684600C0DD71 /* OrderedMapTreeProtocol.swift */,
				45639CDB22C3156700C0DD71 /* PersistentOrderedMapTree.swift */,
				45639CF022C3324E00C0DD71 /* PersistentOrderedMapTree.path.swift */,
				45639D0E22C3559300C0DD71 /* PersistentOrderedMapTree.map.swift */,
				45639D3922C38A1800C0DD71 /* PersistentOrderedMapTree.keys.swift */,
				45639D3B22C38D2800C0DD71 /* PersistentOrderedMapTree.values.swift */,
				45639D9D22C459B900C0DD71 /* PersistentOrderedMapTree.lazy.swift */,
				459D75E322C49EF800CE5841 /* PersistentOrderedMapTree.slice.swift */,
				459D75DF22C4891E00CE5841 /* PersistentOrderedMapTree.subtree.swift */,
				45639DA322C4687B00C0DD71 /* LazyOrderedMapTree.swift */,
			);
			path = V1;
			sourceTree = "<group>";
		};
		459D763C22C5CA0E00CE5841 /* V2 */ = {
			isa = PBXGroup;
			children = (
				459D762522C5AED100CE5841 /* CollectionTreeProtocol.swift */,
				459D762722C5B03100CE5841 /* CollectionTreeProtocol.dfs.swift */,
				45E4013D22C6F72D00C5395A /* FoundationExtensions */,
				459D762D22C5B4A000CE5841 /* CollectionTreeStorageProtocol.swift */,
				454EA3DF22C606FC0043E99D /* ListTreeStorageProtocol.swift */,
				454EA40B22C620670043E99D /* ListTreeStorageProtocol.default.swift */,
				454EA40D22C620C10043E99D /* ListTreeProtocol.swift */,
				454EA40F22C623580043E99D /* ListTreeProtocol.default.swift */,
				454EA3E122C607210043E99D /* ListTreeStorage.swift */,
				454EA41222C643490043E99D /* ListTreeStorage.map.swift */,
				4536253822CA4675002CEF59 /* ListTreeStorage.mirror.swift */,
				459D762B22C5B48500CE5841 /* KeyValueCollectionTreeProtocol.swift */,
				459D761022C4D61E00CE5841 /* KVLTStorageProtocol.swift */,
				4580D85D22C73B3C00DEF8BA /* KVLTProtocol.map.swift */,
				459D75EA22C4B62C00CE5841 /* KVLTStorage.swift */,
				459D760022C4CFE500CE5841 /* KVLTStorage.index.swift */,
				459D75FE22C4CFAD00CE5841 /* KVLTStorage.keys.swift */,
				459D75EE22C4BC9600CE5841 /* KVLTStorage.conversion.swift */,
				459D760422C4D08A00CE5841 /* KVLTStorage.List.keys.swift */,
				459D760622C4D2A900CE5841 /* KVLTStorage.map.swift */,
				459D760C22C4D49000CE5841 /* KVLTStorage.lazy.swift */,
				4580D85B22C73B2C00DEF8BA /* KVLTStorage.Tree.map.swift */,
				4536253A22CA4719002CEF59 /* KVLTStorage.mirror.swift */,
				459D761422C4DB7A00CE5841 /* LazyKVLTStorage.swift */,
				459D761222C4DA0400CE5841 /* EmptyKVLT.swift */,
			);
			path = V2;
			sourceTree = "<group>";
		};
		45A12D0522BE74D2004DFDAF /* Frameworks */ = {
			isa = PBXGroup;
			children = (
			);
			name = Frameworks;
			sourceTree = "<group>";
		};
		45A12EA022C0B9CF004DFDAF /* Deprecated2 */ = {
			isa = PBXGroup;
			children = (
				458522B522BC9B6E00C367E0 /* Tree.swift */,
				45A12D7F22BF3CB7004DFDAF /* DFS.swift */,
				45A12D8122BF3D44004DFDAF /* Subtree.swift */,
				45A12D8322BF3DC2004DFDAF /* SubtreeProtocol.swift */,
				458522B322BC9A6600C367E0 /* PersistentTree.swift */,
				458522BA22BCA80E00C367E0 /* ImplIdentity.swift */,
				4558195722BCF8E600B07175 /* ImplMapBasedTree.swift */,
				45A12D8922BF6BF0004DFDAF /* ImplEphemeralMapBasedTree.swift */,
				458522B822BCA40D00C367E0 /* ImplPersistentMapBasedTree.swift */,
				45A12D8522BF5A0D004DFDAF /* ImplDFSSortedMapBasedTree.swift */,
				4558191722BCB57E00B07175 /* ImplCursor1.swift */,
				45A12D8722BF620B004DFDAF /* ImplCursor2.swift */,
				45A12DD122BFA646004DFDAF /* xTreeMap.swift */,
			);
			path = Deprecated2;
			sourceTree = "<group>";
		};
		45CE398D22BC6576007205EE /* TreeTest */ = {
			isa = PBXGroup;
			children = (
				45CE398E22BC6576007205EE /* xTreeTest.swift */,
				4558191922BCCCEF00B07175 /* SubtreeTest.swift */,
				45639CEE22C32CC900C0DD71 /* PersistentOrderedRootlessTreeMapTest.swift */,
				45639CEC22C32C8600C0DD71 /* IMPLPersistentOrderedRootlessTreeMapTest.swift */,
				45CE399022BC6576007205EE /* Info.plist */,
				45639D6A22C3999000C0DD71 /* Imports.swift */,
				459D762122C5297800CE5841 /* KVLTStorageTest.swift */,
				45E4010322C6668200C5395A /* ListTreeTest.swift */,
				45E4010522C6668B00C5395A /* ListTreeStorageTest.swift */,
			);
			path = TreeTest;
			sourceTree = "<group>";
		};
		45E4013D22C6F72D00C5395A /* FoundationExtensions */ = {
			isa = PBXGroup;
			children = (
				45E4013722C6F0C100C5395A /* CollectionTreeProtocol.paths.swift */,
				45E4013922C6F12200C5395A /* CollectionTreeProtocol.paths.dfs.swift */,
			);
			path = FoundationExtensions;
			sourceTree = "<group>";
		};
		45E4016F22C7038000C5395A /* TreeMonteCarloTest */ = {
			isa = PBXGroup;
			children = (
				45E4017222C7038000C5395A /* Info.plist */,
				45639D3F22C3910400C0DD71 /* MapTreeMock.swift */,
				45639D4A22C392CD00C0DD71 /* MapTreeMockTest.swift */,
			);
			path = TreeMonteCarloTest;
			sourceTree = "<group>";
		};
/* End PBXGroup section */

/* Begin PBXHeadersBuildPhase section */
		4591BA8322BC5BA40052039C /* Headers */ = {
			isa = PBXHeadersBuildPhase;
			buildActionMask = 2147483647;
			files = (
			);
			runOnlyForDeploymentPostprocessing = 0;
		};
/* End PBXHeadersBuildPhase section */

/* Begin PBXNativeTarget section */
		4591BA8622BC5BA40052039C /* Tree */ = {
			isa = PBXNativeTarget;
			buildConfigurationList = 4591BA9022BC5BA40052039C /* Build configuration list for PBXNativeTarget "Tree" */;
			buildPhases = (
				4591BA8322BC5BA40052039C /* Headers */,
				4591BA8422BC5BA40052039C /* Sources */,
				4591BA8522BC5BA40052039C /* Frameworks */,
				45A12E7C22C08B1B004DFDAF /* Embed Frameworks */,
			);
			buildRules = (
			);
			dependencies = (
				459D765722C5DC2E00CE5841 /* PBXTargetDependency */,
			);
			name = Tree;
			packageProductDependencies = (
			);
			productName = Tree;
			productReference = 4591BA8722BC5BA40052039C /* libTree.a */;
			productType = "com.apple.product-type.library.static";
		};
		45CE398B22BC6576007205EE /* TreeTest */ = {
			isa = PBXNativeTarget;
			buildConfigurationList = 45CE399422BC6576007205EE /* Build configuration list for PBXNativeTarget "TreeTest" */;
			buildPhases = (
				45CE398822BC6576007205EE /* Sources */,
				45CE398922BC6576007205EE /* Frameworks */,
				45CE398A22BC6576007205EE /* Resources */,
			);
			buildRules = (
			);
			dependencies = (
				45B5EBF622C0D8D2007E66B4 /* PBXTargetDependency */,
				45CE399322BC6576007205EE /* PBXTargetDependency */,
			);
			name = TreeTest;
			packageProductDependencies = (
				459D765A22C5DC3A00CE5841 /* BTree */,
				459D765C22C5DC3A00CE5841 /* TestUtil */,
			);
			productName = TreeTest;
			productReference = 45CE398C22BC6576007205EE /* TreeTest.xctest */;
			productType = "com.apple.product-type.bundle.unit-test";
		};
		45E4016D22C7038000C5395A /* TreeMonteCarloTest */ = {
			isa = PBXNativeTarget;
			buildConfigurationList = 45E4017622C7038000C5395A /* Build configuration list for PBXNativeTarget "TreeMonteCarloTest" */;
			buildPhases = (
				45E4016A22C7038000C5395A /* Sources */,
				45E4016B22C7038000C5395A /* Frameworks */,
				45E4016C22C7038000C5395A /* Resources */,
			);
			buildRules = (
			);
			dependencies = (
				45E4017E22C703EA00C5395A /* PBXTargetDependency */,
				45E4017522C7038000C5395A /* PBXTargetDependency */,
			);
			name = TreeMonteCarloTest;
			packageProductDependencies = (
				45E4017B22C703DF00C5395A /* TestUtil */,
				45E4017F22C7041200C5395A /* BTree */,
			);
			productName = TreeMonteCarloTest;
			productReference = 45E4016E22C7038000C5395A /* TreeMonteCarloTest.xctest */;
			productType = "com.apple.product-type.bundle.unit-test";
		};
/* End PBXNativeTarget section */

/* Begin PBXProject section */
		4591BA7F22BC5BA40052039C /* Project object */ = {
			isa = PBXProject;
			attributes = {
				LastSwiftUpdateCheck = 1100;
				LastUpgradeCheck = 1100;
				ORGANIZATIONNAME = Eonil;
				TargetAttributes = {
					4591BA8622BC5BA40052039C = {
						CreatedOnToolsVersion = 11.0;
						LastSwiftMigration = 1100;
					};
					45CE398B22BC6576007205EE = {
						CreatedOnToolsVersion = 10.2.1;
					};
					45E4016D22C7038000C5395A = {
						CreatedOnToolsVersion = 11.0;
					};
				};
			};
			buildConfigurationList = 4591BA8222BC5BA40052039C /* Build configuration list for PBXProject "Tree" */;
			compatibilityVersion = "Xcode 9.3";
			developmentRegion = en;
			hasScannedForEncodings = 0;
			knownRegions = (
				en,
				Base,
			);
			mainGroup = 4591BA7E22BC5BA40052039C;
			packageReferences = (
				4506A2A522C0DC8B00B6476E /* XCRemoteSwiftPackageReference "BTree" */,
				45639D6722C3974D00C0DD71 /* XCRemoteSwiftPackageReference "swift-test-util" */,
			);
			productRefGroup = 4591BA8822BC5BA40052039C /* Products */;
			projectDirPath = "";
			projectRoot = "";
			targets = (
				4591BA8622BC5BA40052039C /* Tree */,
				45CE398B22BC6576007205EE /* TreeTest */,
				45E4016D22C7038000C5395A /* TreeMonteCarloTest */,
			);
		};
/* End PBXProject section */

/* Begin PBXResourcesBuildPhase section */
		45CE398A22BC6576007205EE /* Resources */ = {
			isa = PBXResourcesBuildPhase;
			buildActionMask = 2147483647;
			files = (
			);
			runOnlyForDeploymentPostprocessing = 0;
		};
		45E4016C22C7038000C5395A /* Resources */ = {
			isa = PBXResourcesBuildPhase;
			buildActionMask = 2147483647;
			files = (
			);
			runOnlyForDeploymentPostprocessing = 0;
		};
/* End PBXResourcesBuildPhase section */

/* Begin PBXSourcesBuildPhase section */
		4591BA8422BC5BA40052039C /* Sources */ = {
			isa = PBXSourcesBuildPhase;
			buildActionMask = 2147483647;
			files = (
				459D75FF22C4CFAD00CE5841 /* KVLTStorage.keys.swift in Sources */,
				459D763422C5BE5600CE5841 /* CollectionTreeProtocol.dfs.swift in Sources */,
				4536253B22CA4719002CEF59 /* KVLTStorage.mirror.swift in Sources */,
				459D764322C5CD9C00CE5841 /* PersistentOrderedMapTree.values.swift in Sources */,
				459D760722C4D2A900CE5841 /* KVLTStorage.map.swift in Sources */,
				459D761322C4DA0400CE5841 /* EmptyKVLT.swift in Sources */,
				454EA41322C643490043E99D /* ListTreeStorage.map.swift in Sources */,
				454EA3E222C607210043E99D /* ListTreeStorage.swift in Sources */,
				459D75EB22C4B62C00CE5841 /* KVLTStorage.swift in Sources */,
				4536253922CA4675002CEF59 /* ListTreeStorage.mirror.swift in Sources */,
				459D763522C5BE5600CE5841 /* CollectionTreeStorageProtocol.swift in Sources */,
				459D764522C5CD9C00CE5841 /* PersistentOrderedMapTree.slice.swift in Sources */,
				459D75EF22C4BC9600CE5841 /* KVLTStorage.conversion.swift in Sources */,
				459D760122C4CFE500CE5841 /* KVLTStorage.index.swift in Sources */,
				459D764222C5CD9C00CE5841 /* PersistentOrderedMapTree.keys.swift in Sources */,
				459D764022C5CD9C00CE5841 /* PersistentOrderedMapTree.path.swift in Sources */,
				45A12EB022C0C2C7004DFDAF /* Tree.swift in Sources */,
				454EA41022C623580043E99D /* ListTreeProtocol.default.swift in Sources */,
				459D763F22C5CD9C00CE5841 /* PersistentOrderedMapTree.swift in Sources */,
				454EA40E22C620C10043E99D /* ListTreeProtocol.swift in Sources */,
				459D764122C5CD9C00CE5841 /* PersistentOrderedMapTree.map.swift in Sources */,
				459D760522C4D08A00CE5841 /* KVLTStorage.List.keys.swift in Sources */,
				45B5EBDD22C0CC83007E66B4 /* IMPLImplicitIdentity.swift in Sources */,
				45639CD422C304EB00C0DD71 /* IMPLPersistentOrderedMapTree.swift in Sources */,
				459D763822C5BE5600CE5841 /* KVLTStorageProtocol.swift in Sources */,
				454EA40C22C620670043E99D /* ListTreeStorageProtocol.default.swift in Sources */,
				459D764422C5CD9C00CE5841 /* PersistentOrderedMapTree.lazy.swift in Sources */,
				459D764E22C5CE8200CE5841 /* OrderedMapTreeProtocol.swift in Sources */,
				459D763722C5BE5600CE5841 /* KeyValueCollectionTreeProtocol.swift in Sources */,
				454EA3E022C606FC0043E99D /* ListTreeStorageProtocol.swift in Sources */,
				4580D85C22C73B2C00DEF8BA /* KVLTStorage.Tree.map.swift in Sources */,
				45E4013A22C6F12200C5395A /* CollectionTreeProtocol.paths.dfs.swift in Sources */,
				459D764722C5CD9C00CE5841 /* LazyOrderedMapTree.swift in Sources */,
				459D763322C5BE5600CE5841 /* CollectionTreeProtocol.swift in Sources */,
				45639CDA22C312F600C0DD71 /* IMPLAlternativeOptional.swift in Sources */,
				45E4013822C6F0C100C5395A /* CollectionTreeProtocol.paths.swift in Sources */,
				459D761522C4DB7A00CE5841 /* LazyKVLTStorage.swift in Sources */,
				459D764622C5CD9C00CE5841 /* PersistentOrderedMapTree.subtree.swift in Sources */,
				4580D85E22C73B3C00DEF8BA /* KVLTProtocol.map.swift in Sources */,
				459D760D22C4D49000CE5841 /* KVLTStorage.lazy.swift in Sources */,
			);
			runOnlyForDeploymentPostprocessing = 0;
		};
		45CE398822BC6576007205EE /* Sources */ = {
			isa = PBXSourcesBuildPhase;
			buildActionMask = 2147483647;
			files = (
				45639D6B22C3999000C0DD71 /* Imports.swift in Sources */,
				459D761A22C505DC00CE5841 /* IMPLPersistentOrderedRootlessTreeMapTest.swift in Sources */,
				459D761B22C5088600CE5841 /* PersistentOrderedRootlessTreeMapTest.swift in Sources */,
				45E4010422C6668200C5395A /* ListTreeTest.swift in Sources */,
				459D761C22C5088E00CE5841 /* xTreeTest.swift in Sources */,
				459D761D22C5088E00CE5841 /* SubtreeTest.swift in Sources */,
				45E4010622C6668B00C5395A /* ListTreeStorageTest.swift in Sources */,
				459D762222C5297800CE5841 /* KVLTStorageTest.swift in Sources */,
			);
			runOnlyForDeploymentPostprocessing = 0;
		};
		45E4016A22C7038000C5395A /* Sources */ = {
			isa = PBXSourcesBuildPhase;
			buildActionMask = 2147483647;
			files = (
				45E4017922C703AC00C5395A /* MapTreeMock.swift in Sources */,
				45E4017A22C703AC00C5395A /* MapTreeMockTest.swift in Sources */,
			);
			runOnlyForDeploymentPostprocessing = 0;
		};
/* End PBXSourcesBuildPhase section */

/* Begin PBXTargetDependency section */
		459D765722C5DC2E00CE5841 /* PBXTargetDependency */ = {
			isa = PBXTargetDependency;
			productRef = 459D765622C5DC2E00CE5841 /* BTree */;
		};
		45B5EBF622C0D8D2007E66B4 /* PBXTargetDependency */ = {
			isa = PBXTargetDependency;
			productRef = 45B5EBF522C0D8D2007E66B4 /* BTree */;
		};
		45CE399322BC6576007205EE /* PBXTargetDependency */ = {
			isa = PBXTargetDependency;
			target = 4591BA8622BC5BA40052039C /* Tree */;
			targetProxy = 45CE399222BC6576007205EE /* PBXContainerItemProxy */;
		};
		45E4017522C7038000C5395A /* PBXTargetDependency */ = {
			isa = PBXTargetDependency;
			target = 4591BA8622BC5BA40052039C /* Tree */;
			targetProxy = 45E4017422C7038000C5395A /* PBXContainerItemProxy */;
		};
		45E4017E22C703EA00C5395A /* PBXTargetDependency */ = {
			isa = PBXTargetDependency;
			productRef = 45E4017D22C703EA00C5395A /* TestUtil */;
		};
/* End PBXTargetDependency section */

/* Begin XCBuildConfiguration section */
		4591BA8E22BC5BA40052039C /* Debug */ = {
			isa = XCBuildConfiguration;
			buildSettings = {
				ALWAYS_SEARCH_USER_PATHS = NO;
				CLANG_ANALYZER_NONNULL = YES;
				CLANG_ANALYZER_NUMBER_OBJECT_CONVERSION = YES_AGGRESSIVE;
				CLANG_CXX_LANGUAGE_STANDARD = "gnu++14";
				CLANG_CXX_LIBRARY = "libc++";
				CLANG_ENABLE_MODULES = YES;
				CLANG_ENABLE_OBJC_ARC = YES;
				CLANG_ENABLE_OBJC_WEAK = YES;
				CLANG_WARN_BLOCK_CAPTURE_AUTORELEASING = YES;
				CLANG_WARN_BOOL_CONVERSION = YES;
				CLANG_WARN_COMMA = YES;
				CLANG_WARN_CONSTANT_CONVERSION = YES;
				CLANG_WARN_DEPRECATED_OBJC_IMPLEMENTATIONS = YES;
				CLANG_WARN_DIRECT_OBJC_ISA_USAGE = YES_ERROR;
				CLANG_WARN_DOCUMENTATION_COMMENTS = YES;
				CLANG_WARN_EMPTY_BODY = YES;
				CLANG_WARN_ENUM_CONVERSION = YES;
				CLANG_WARN_INFINITE_RECURSION = YES;
				CLANG_WARN_INT_CONVERSION = YES;
				CLANG_WARN_NON_LITERAL_NULL_CONVERSION = YES;
				CLANG_WARN_OBJC_IMPLICIT_RETAIN_SELF = YES;
				CLANG_WARN_OBJC_LITERAL_CONVERSION = YES;
				CLANG_WARN_OBJC_ROOT_CLASS = YES_ERROR;
				CLANG_WARN_RANGE_LOOP_ANALYSIS = YES;
				CLANG_WARN_STRICT_PROTOTYPES = YES;
				CLANG_WARN_SUSPICIOUS_MOVE = YES;
				CLANG_WARN_UNGUARDED_AVAILABILITY = YES_AGGRESSIVE;
				CLANG_WARN_UNREACHABLE_CODE = YES;
				CLANG_WARN__DUPLICATE_METHOD_MATCH = YES;
				COPY_PHASE_STRIP = NO;
				DEBUG_INFORMATION_FORMAT = dwarf;
				ENABLE_STRICT_OBJC_MSGSEND = YES;
				ENABLE_TESTABILITY = YES;
				GCC_C_LANGUAGE_STANDARD = gnu11;
				GCC_DYNAMIC_NO_PIC = NO;
				GCC_NO_COMMON_BLOCKS = YES;
				GCC_OPTIMIZATION_LEVEL = 0;
				GCC_PREPROCESSOR_DEFINITIONS = (
					"DEBUG=1",
					"$(inherited)",
				);
				GCC_WARN_64_TO_32_BIT_CONVERSION = YES;
				GCC_WARN_ABOUT_RETURN_TYPE = YES_ERROR;
				GCC_WARN_UNDECLARED_SELECTOR = YES;
				GCC_WARN_UNINITIALIZED_AUTOS = YES_AGGRESSIVE;
				GCC_WARN_UNUSED_FUNCTION = YES;
				GCC_WARN_UNUSED_VARIABLE = YES;
				MACOSX_DEPLOYMENT_TARGET = 10.14;
				MTL_ENABLE_DEBUG_INFO = INCLUDE_SOURCE;
				MTL_FAST_MATH = YES;
				ONLY_ACTIVE_ARCH = YES;
				SDKROOT = macosx;
			};
			name = Debug;
		};
		4591BA8F22BC5BA40052039C /* Release */ = {
			isa = XCBuildConfiguration;
			buildSettings = {
				ALWAYS_SEARCH_USER_PATHS = NO;
				CLANG_ANALYZER_NONNULL = YES;
				CLANG_ANALYZER_NUMBER_OBJECT_CONVERSION = YES_AGGRESSIVE;
				CLANG_CXX_LANGUAGE_STANDARD = "gnu++14";
				CLANG_CXX_LIBRARY = "libc++";
				CLANG_ENABLE_MODULES = YES;
				CLANG_ENABLE_OBJC_ARC = YES;
				CLANG_ENABLE_OBJC_WEAK = YES;
				CLANG_WARN_BLOCK_CAPTURE_AUTORELEASING = YES;
				CLANG_WARN_BOOL_CONVERSION = YES;
				CLANG_WARN_COMMA = YES;
				CLANG_WARN_CONSTANT_CONVERSION = YES;
				CLANG_WARN_DEPRECATED_OBJC_IMPLEMENTATIONS = YES;
				CLANG_WARN_DIRECT_OBJC_ISA_USAGE = YES_ERROR;
				CLANG_WARN_DOCUMENTATION_COMMENTS = YES;
				CLANG_WARN_EMPTY_BODY = YES;
				CLANG_WARN_ENUM_CONVERSION = YES;
				CLANG_WARN_INFINITE_RECURSION = YES;
				CLANG_WARN_INT_CONVERSION = YES;
				CLANG_WARN_NON_LITERAL_NULL_CONVERSION = YES;
				CLANG_WARN_OBJC_IMPLICIT_RETAIN_SELF = YES;
				CLANG_WARN_OBJC_LITERAL_CONVERSION = YES;
				CLANG_WARN_OBJC_ROOT_CLASS = YES_ERROR;
				CLANG_WARN_RANGE_LOOP_ANALYSIS = YES;
				CLANG_WARN_STRICT_PROTOTYPES = YES;
				CLANG_WARN_SUSPICIOUS_MOVE = YES;
				CLANG_WARN_UNGUARDED_AVAILABILITY = YES_AGGRESSIVE;
				CLANG_WARN_UNREACHABLE_CODE = YES;
				CLANG_WARN__DUPLICATE_METHOD_MATCH = YES;
				COPY_PHASE_STRIP = NO;
				DEBUG_INFORMATION_FORMAT = "dwarf-with-dsym";
				ENABLE_NS_ASSERTIONS = NO;
				ENABLE_STRICT_OBJC_MSGSEND = YES;
				GCC_C_LANGUAGE_STANDARD = gnu11;
				GCC_NO_COMMON_BLOCKS = YES;
				GCC_WARN_64_TO_32_BIT_CONVERSION = YES;
				GCC_WARN_ABOUT_RETURN_TYPE = YES_ERROR;
				GCC_WARN_UNDECLARED_SELECTOR = YES;
				GCC_WARN_UNINITIALIZED_AUTOS = YES_AGGRESSIVE;
				GCC_WARN_UNUSED_FUNCTION = YES;
				GCC_WARN_UNUSED_VARIABLE = YES;
				MACOSX_DEPLOYMENT_TARGET = 10.14;
				MTL_ENABLE_DEBUG_INFO = NO;
				MTL_FAST_MATH = YES;
				SDKROOT = macosx;
				SWIFT_COMPILATION_MODE = wholemodule;
			};
			name = Release;
		};
		4591BA9122BC5BA40052039C /* Debug */ = {
			isa = XCBuildConfiguration;
			buildSettings = {
				CLANG_ENABLE_MODULES = YES;
				CODE_SIGN_STYLE = Automatic;
				EXECUTABLE_PREFIX = lib;
				LD_RUNPATH_SEARCH_PATHS = (
					"$(inherited)",
					"@executable_path/../Frameworks",
					"@loader_path/../Frameworks",
				);
				PRODUCT_NAME = "$(TARGET_NAME)";
				SKIP_INSTALL = YES;
				SWIFT_OPTIMIZATION_LEVEL = "-Onone";
				SWIFT_VERSION = 5.0;
			};
			name = Debug;
		};
		4591BA9222BC5BA40052039C /* Release */ = {
			isa = XCBuildConfiguration;
			buildSettings = {
				CLANG_ENABLE_MODULES = YES;
				CODE_SIGN_STYLE = Automatic;
				EXECUTABLE_PREFIX = lib;
				LD_RUNPATH_SEARCH_PATHS = (
					"$(inherited)",
					"@executable_path/../Frameworks",
					"@loader_path/../Frameworks",
				);
				PRODUCT_NAME = "$(TARGET_NAME)";
				SKIP_INSTALL = YES;
				SWIFT_VERSION = 5.0;
			};
			name = Release;
		};
		45CE399522BC6576007205EE /* Debug */ = {
			isa = XCBuildConfiguration;
			buildSettings = {
				ALWAYS_EMBED_SWIFT_STANDARD_LIBRARIES = YES;
				CODE_SIGN_IDENTITY = "-";
				CODE_SIGN_STYLE = Manual;
				COMBINE_HIDPI_IMAGES = YES;
				DEVELOPMENT_TEAM = "";
				INFOPLIST_FILE = TreeTest/Info.plist;
				LD_RUNPATH_SEARCH_PATHS = (
					"$(inherited)",
					"@executable_path/../Frameworks",
					"@loader_path/../Frameworks",
				);
				PRODUCT_BUNDLE_IDENTIFIER = Eonil.TreeTest;
				PRODUCT_NAME = "$(TARGET_NAME)";
				PROVISIONING_PROFILE_SPECIFIER = "";
				SWIFT_ACTIVE_COMPILATION_CONDITIONS = DEBUG;
				SWIFT_OPTIMIZATION_LEVEL = "-Onone";
				SWIFT_VERSION = 5.0;
			};
			name = Debug;
		};
		45CE399622BC6576007205EE /* Release */ = {
			isa = XCBuildConfiguration;
			buildSettings = {
				ALWAYS_EMBED_SWIFT_STANDARD_LIBRARIES = YES;
				CODE_SIGN_IDENTITY = "-";
				CODE_SIGN_STYLE = Manual;
				COMBINE_HIDPI_IMAGES = YES;
				DEVELOPMENT_TEAM = "";
				INFOPLIST_FILE = TreeTest/Info.plist;
				LD_RUNPATH_SEARCH_PATHS = (
					"$(inherited)",
					"@executable_path/../Frameworks",
					"@loader_path/../Frameworks",
				);
				PRODUCT_BUNDLE_IDENTIFIER = Eonil.TreeTest;
				PRODUCT_NAME = "$(TARGET_NAME)";
				PROVISIONING_PROFILE_SPECIFIER = "";
				SWIFT_COMPILATION_MODE = wholemodule;
				SWIFT_OPTIMIZATION_LEVEL = "-O";
				SWIFT_VERSION = 5.0;
			};
			name = Release;
		};
		45E4017722C7038000C5395A /* Debug */ = {
			isa = XCBuildConfiguration;
			buildSettings = {
				CODE_SIGN_STYLE = Automatic;
				COMBINE_HIDPI_IMAGES = YES;
				INFOPLIST_FILE = TreeMonteCarloTest/Info.plist;
				LD_RUNPATH_SEARCH_PATHS = (
					"$(inherited)",
					"@executable_path/../Frameworks",
					"@loader_path/../Frameworks",
				);
				PRODUCT_BUNDLE_IDENTIFIER = Eonil.TreeMonteCarloTest;
				PRODUCT_NAME = "$(TARGET_NAME)";
				SWIFT_ACTIVE_COMPILATION_CONDITIONS = DEBUG;
				SWIFT_OPTIMIZATION_LEVEL = "-Onone";
				SWIFT_VERSION = 5.0;
			};
			name = Debug;
		};
		45E4017822C7038000C5395A /* Release */ = {
			isa = XCBuildConfiguration;
			buildSettings = {
				CODE_SIGN_STYLE = Automatic;
				COMBINE_HIDPI_IMAGES = YES;
				INFOPLIST_FILE = TreeMonteCarloTest/Info.plist;
				LD_RUNPATH_SEARCH_PATHS = (
					"$(inherited)",
					"@executable_path/../Frameworks",
					"@loader_path/../Frameworks",
				);
				PRODUCT_BUNDLE_IDENTIFIER = Eonil.TreeMonteCarloTest;
				PRODUCT_NAME = "$(TARGET_NAME)";
				SWIFT_OPTIMIZATION_LEVEL = "-O";
				SWIFT_VERSION = 5.0;
			};
			name = Release;
		};
/* End XCBuildConfiguration section */

/* Begin XCConfigurationList section */
		4591BA8222BC5BA40052039C /* Build configuration list for PBXProject "Tree" */ = {
			isa = XCConfigurationList;
			buildConfigurations = (
				4591BA8E22BC5BA40052039C /* Debug */,
				4591BA8F22BC5BA40052039C /* Release */,
			);
			defaultConfigurationIsVisible = 0;
			defaultConfigurationName = Release;
		};
		4591BA9022BC5BA40052039C /* Build configuration list for PBXNativeTarget "Tree" */ = {
			isa = XCConfigurationList;
			buildConfigurations = (
				4591BA9122BC5BA40052039C /* Debug */,
				4591BA9222BC5BA40052039C /* Release */,
			);
			defaultConfigurationIsVisible = 0;
			defaultConfigurationName = Release;
		};
		45CE399422BC6576007205EE /* Build configuration list for PBXNativeTarget "TreeTest" */ = {
			isa = XCConfigurationList;
			buildConfigurations = (
				45CE399522BC6576007205EE /* Debug */,
				45CE399622BC6576007205EE /* Release */,
			);
			defaultConfigurationIsVisible = 0;
			defaultConfigurationName = Release;
		};
		45E4017622C7038000C5395A /* Build configuration list for PBXNativeTarget "TreeMonteCarloTest" */ = {
			isa = XCConfigurationList;
			buildConfigurations = (
				45E4017722C7038000C5395A /* Debug */,
				45E4017822C7038000C5395A /* Release */,
			);
			defaultConfigurationIsVisible = 0;
			defaultConfigurationName = Release;
		};
/* End XCConfigurationList section */

/* Begin XCRemoteSwiftPackageReference section */
		4506A2A522C0DC8B00B6476E /* XCRemoteSwiftPackageReference "BTree" */ = {
			isa = XCRemoteSwiftPackageReference;
			repositoryURL = "https://github.com/eonil/BTree";
			requirement = {
				branch = master;
				kind = branch;
			};
		};
		45639D6722C3974D00C0DD71 /* XCRemoteSwiftPackageReference "swift-test-util" */ = {
			isa = XCRemoteSwiftPackageReference;
			repositoryURL = "https://github.com/eonil/swift-test-util";
			requirement = {
				branch = master;
				kind = branch;
			};
		};
/* End XCRemoteSwiftPackageReference section */

/* Begin XCSwiftPackageProductDependency section */
		459D765622C5DC2E00CE5841 /* BTree */ = {
			isa = XCSwiftPackageProductDependency;
			package = 4506A2A522C0DC8B00B6476E /* XCRemoteSwiftPackageReference "BTree" */;
			productName = BTree;
		};
		459D765A22C5DC3A00CE5841 /* BTree */ = {
			isa = XCSwiftPackageProductDependency;
			package = 4506A2A522C0DC8B00B6476E /* XCRemoteSwiftPackageReference "BTree" */;
			productName = BTree;
		};
		459D765C22C5DC3A00CE5841 /* TestUtil */ = {
			isa = XCSwiftPackageProductDependency;
			package = 45639D6722C3974D00C0DD71 /* XCRemoteSwiftPackageReference "swift-test-util" */;
			productName = TestUtil;
		};
		45B5EBF522C0D8D2007E66B4 /* BTree */ = {
			isa = XCSwiftPackageProductDependency;
			productName = BTree;
		};
		45E4017B22C703DF00C5395A /* TestUtil */ = {
			isa = XCSwiftPackageProductDependency;
			package = 45639D6722C3974D00C0DD71 /* XCRemoteSwiftPackageReference "swift-test-util" */;
			productName = TestUtil;
		};
		45E4017D22C703EA00C5395A /* TestUtil */ = {
			isa = XCSwiftPackageProductDependency;
			package = 45639D6722C3974D00C0DD71 /* XCRemoteSwiftPackageReference "swift-test-util" */;
			productName = TestUtil;
		};
		45E4017F22C7041200C5395A /* BTree */ = {
			isa = XCSwiftPackageProductDependency;
			package = 4506A2A522C0DC8B00B6476E /* XCRemoteSwiftPackageReference "BTree" */;
			productName = BTree;
		};
/* End XCSwiftPackageProductDependency section */
	};
	rootObject = 4591BA7F22BC5BA40052039C /* Project object */;
}
