{
  "object": {
    "pins": [
      {
        "package": "BTree",
        "repositoryURL": "https://github.com/eonil/BTree",
        "state": {
          "branch": "master",
          "revision": "b95c306e268f90e96efe76dce354192f4ea8d716",
          "version": null
        }
      },
      {
        "package": "TestUtil",
        "repositoryURL": "https://github.com/eonil/swift-test-util",
        "state": {
          "branch": "master",
          "revision": "d23c5f342bba20b496720e255c2c9163698fa618",
          "version": null
        }
      }
    ]
  },
  "version": 1
}
