{
  "object": {
    "pins": [
      {
        "package": "BTree",
        "repositoryURL": "https://github.com/eonil/BTree",
        "state": {
          "branch": "master",
          "revision": "b95c306e268f90e96efe76dce354192f4ea8d716",
          "version": null
        }
      },
      {
        "package": "TestUtil",
        "repositoryURL": "https://github.com/eonil/swift-test-util",
        "state": {
          "branch": "master",
          "revision": "f4a22bca6c45308191024820774d09532dce86f8",
          "version": null
        }
      }
    ]
  },
  "version": 1
}
